
Microsoft Visual Studio Solution File, Format Version 12.00
# Visual Studio Version 16
VisualStudioVersion = 16.0.31515.178
MinimumVisualStudioVersion = 10.0.40219.1
Project("{9A19103F-16F7-4668-BE54-9A1E7A4F7556}") = "MarketingCampaignManagement.UI", "MarketingCampaignManagement.UI\MarketingCampaignManagement.UI.csproj", "{AA6D11E4-3CA1-4A75-8B31-D60C9F1C448A}"
EndProject
Project("{FAE04EC0-301F-11D3-BF4B-00C04F79EFBC}") = "MarketingCampaignManagement.DAL", "MarketingCampaignManagement.DAL\MarketingCampaignManagement.DAL.csproj", "{9B9FF638-F140-41EA-9840-0BE4184A5964}"
EndProject
Global
	GlobalSection(SolutionConfigurationPlatforms) = preSolution
		Debug|Any CPU = Debug|Any CPU
		Release|Any CPU = Release|Any CPU
	EndGlobalSection
	GlobalSection(ProjectConfigurationPlatforms) = postSolution
		{AA6D11E4-3CA1-4A75-8B31-D60C9F1C448A}.Debug|Any CPU.ActiveCfg = Debug|Any CPU
		{AA6D11E4-3CA1-4A75-8B31-D60C9F1C448A}.Debug|Any CPU.Build.0 = Debug|Any CPU
		{AA6D11E4-3CA1-4A75-8B31-D60C9F1C448A}.Release|Any CPU.ActiveCfg = Release|Any CPU
		{AA6D11E4-3CA1-4A75-8B31-D60C9F1C448A}.Release|Any CPU.Build.0 = Release|Any CPU
		{9B9FF638-F140-41EA-9840-0BE4184A5964}.Debug|Any CPU.ActiveCfg = Debug|Any CPU
		{9B9FF638-F140-41EA-9840-0BE4184A5964}.Debug|Any CPU.Build.0 = Debug|Any CPU
		{9B9FF638-F140-41EA-9840-0BE4184A5964}.Release|Any CPU.ActiveCfg = Release|Any CPU
		{9B9FF638-F140-41EA-9840-0BE4184A5964}.Release|Any CPU.Build.0 = Release|Any CPU
	EndGlobalSection
	GlobalSection(SolutionProperties) = preSolution
		HideSolutionNode = FALSE
	EndGlobalSection
	GlobalSection(ExtensibilityGlobals) = postSolution
		SolutionGuid = {FA44890E-DD3F-43B0-9BAB-7A685C68BCB0}
	EndGlobalSection
EndGlobal
