
Microsoft Visual Studio Solution File, Format Version 12.00
# Visual Studio Version 16
VisualStudioVersion = 16.0.31515.178
MinimumVisualStudioVersion = 10.0.40219.1
Project("{FAE04EC0-301F-11D3-BF4B-00C04F79EFBC}") = "HelloworldWebapp", "HelloworldWebapp.csproj", "{98679407-7083-419D-BB71-02AD4CA4D9EC}"
EndProject
Global
	GlobalSection(SolutionConfigurationPlatforms) = preSolution
		Debug|Any CPU = Debug|Any CPU
		Release|Any CPU = Release|Any CPU
	EndGlobalSection
	GlobalSection(ProjectConfigurationPlatforms) = postSolution
		{98679407-7083-419D-BB71-02AD4CA4D9EC}.Debug|Any CPU.ActiveCfg = Debug|Any CPU
		{98679407-7083-419D-BB71-02AD4CA4D9EC}.Debug|Any CPU.Build.0 = Debug|Any CPU
		{98679407-7083-419D-BB71-02AD4CA4D9EC}.Release|Any CPU.ActiveCfg = Release|Any CPU
		{98679407-7083-419D-BB71-02AD4CA4D9EC}.Release|Any CPU.Build.0 = Release|Any CPU
	EndGlobalSection
	GlobalSection(SolutionProperties) = preSolution
		HideSolutionNode = FALSE
	EndGlobalSection
	GlobalSection(ExtensibilityGlobals) = postSolution
		SolutionGuid = {97493081-74F5-42B1-952F-EE0BC207AA39}
	EndGlobalSection
EndGlobal
