
Microsoft Visual Studio Solution File, Format Version 12.00
# Visual Studio Version 16
VisualStudioVersion = 16.0.31515.178
MinimumVisualStudioVersion = 10.0.40219.1
Project("{FAE04EC0-301F-11D3-BF4B-00C04F79EFBC}") = "TestingWithGit", "TestingWithGit\TestingWithGit.csproj", "{AD0222FE-9FFC-4B91-BB1F-5934CB13DCC5}"
EndProject
Global
	GlobalSection(SolutionConfigurationPlatforms) = preSolution
		Debug|Any CPU = Debug|Any CPU
		Release|Any CPU = Release|Any CPU
	EndGlobalSection
	GlobalSection(ProjectConfigurationPlatforms) = postSolution
		{AD0222FE-9FFC-4B91-BB1F-5934CB13DCC5}.Debug|Any CPU.ActiveCfg = Debug|Any CPU
		{AD0222FE-9FFC-4B91-BB1F-5934CB13DCC5}.Debug|Any CPU.Build.0 = Debug|Any CPU
		{AD0222FE-9FFC-4B91-BB1F-5934CB13DCC5}.Release|Any CPU.ActiveCfg = Release|Any CPU
		{AD0222FE-9FFC-4B91-BB1F-5934CB13DCC5}.Release|Any CPU.Build.0 = Release|Any CPU
	EndGlobalSection
	GlobalSection(SolutionProperties) = preSolution
		HideSolutionNode = FALSE
	EndGlobalSection
	GlobalSection(ExtensibilityGlobals) = postSolution
		SolutionGuid = {CF3182F7-9942-4714-B649-436B15BDA31D}
	EndGlobalSection
EndGlobal
