
Microsoft Visual Studio Solution File, Format Version 12.00
# Visual Studio Version 16
VisualStudioVersion = 16.0.31515.178
MinimumVisualStudioVersion = 10.0.40219.1
Project("{FAE04EC0-301F-11D3-BF4B-00C04F79EFBC}") = "E", "E.csproj", "{32723930-F1FC-41BD-920B-3813A0D29D54}"
EndProject
Global
	GlobalSection(SolutionConfigurationPlatforms) = preSolution
		Debug|Any CPU = Debug|Any CPU
		Release|Any CPU = Release|Any CPU
	EndGlobalSection
	GlobalSection(ProjectConfigurationPlatforms) = postSolution
		{32723930-F1FC-41BD-920B-3813A0D29D54}.Debug|Any CPU.ActiveCfg = Debug|Any CPU
		{32723930-F1FC-41BD-920B-3813A0D29D54}.Debug|Any CPU.Build.0 = Debug|Any CPU
		{32723930-F1FC-41BD-920B-3813A0D29D54}.Release|Any CPU.ActiveCfg = Release|Any CPU
		{32723930-F1FC-41BD-920B-3813A0D29D54}.Release|Any CPU.Build.0 = Release|Any CPU
	EndGlobalSection
	GlobalSection(SolutionProperties) = preSolution
		HideSolutionNode = FALSE
	EndGlobalSection
	GlobalSection(ExtensibilityGlobals) = postSolution
		SolutionGuid = {07459EBD-72BA-4893-862B-E5A8A952AFF3}
	EndGlobalSection
EndGlobal
